{
  "name": "ags2-shell",
  "lockfileVersion": 3,
  "requires": true,
  "packages": {
    "": {
      "dependencies": {
        "ags": "*",
        "gnim": "*"
      }
    },
    "../../../../nix/store/0g4idf5i3kkxapwa4zffr9y4w58rsk7a-ags-js-lib": {
      "name": "ags",
      "version": "3.0.0",
      "license": "LGPL-2.1",
      "os": [
        "linux"
      ],
      "devDependencies": {
        "@eslint/js": "latest",
        "eslint": "latest",
        "typescript": "latest",
        "typescript-eslint": "latest"
      },
      "engines": {
        "gjs": ">=1.79.0"
      },
      "funding": {
        "type": "kofi",
        "url": "https://ko-fi.com/aylur"
      },
      "peerDependencies": {
        "gnim": "^1.6.3"
      }
    },
    "../../../../nix/store/0g4idf5i3kkxapwa4zffr9y4w58rsk7a-ags-js-lib/node_modules/gnim": {
      "version": "1.6.5",
      "license": "MIT",
      "engines": {
        "gjs": ">=1.79.0"
      },
      "funding": {
        "type": "kofi",
        "url": "https://ko-fi.com/aylur"
      }
    },
    "node_modules/ags": {
      "resolved": "../../../../nix/store/0g4idf5i3kkxapwa4zffr9y4w58rsk7a-ags-js-lib",
      "link": true
    },
    "node_modules/gnim": {
      "resolved": "../../../../nix/store/0g4idf5i3kkxapwa4zffr9y4w58rsk7a-ags-js-lib/node_modules/gnim",
      "link": true
    }
  }
}
